
Microsoft Visual Studio Solution File, Format Version 12.00
# Visual Studio 15
VisualStudioVersion = 15.0.27703.2018
MinimumVisualStudioVersion = 10.0.40219.1
Project("{2150E333-8FDC-42A3-9474-1A3956D46DE8}") = "XaPa.Framework", "XaPa.Framework", "{F65E8ED8-0965-493E-BB78-4E562A3A314F}"
EndProject
Project("{2150E333-8FDC-42A3-9474-1A3956D46DE8}") = "XaPa.Service", "XaPa.Service", "{C9B73544-5B9B-417B-8484-9526D58284EF}"
EndProject
Project("{2150E333-8FDC-42A3-9474-1A3956D46DE8}") = "XaPa.Framework.Data", "XaPa.Framework.Data", "{FC8AB304-BC4A-4EB4-BDAF-9083170D4D5B}"
EndProject
Project("{FAE04EC0-301F-11D3-BF4B-00C04F79EFBC}") = "XaPa.Framework.Data.Repository", "XaPa.Framework.Data.Repository\XaPa.Framework.Data.Repository.csproj", "{D1313275-1146-4E79-987F-8431FA7EBA6C}"
EndProject
Project("{2150E333-8FDC-42A3-9474-1A3956D46DE8}") = "XaPa.Service.Data", "XaPa.Service.Data", "{5CB9B09C-803F-4552-A3E2-B679D9C0D1E8}"
EndProject
Project("{2150E333-8FDC-42A3-9474-1A3956D46DE8}") = "XaPa.Service.Data.Repository", "XaPa.Service.Data.Repository", "{C9D281CF-05AA-42EF-8608-D76E1A5F6D85}"
EndProject
Project("{FAE04EC0-301F-11D3-BF4B-00C04F79EFBC}") = "XaPa.Service.Data.Repository.EntityRepository", "XaPa.Service.Data.Repository.EntityRepository\XaPa.Service.Data.Repository.EntityRepository.csproj", "{00111860-6793-4A92-A0BA-869C5BC54640}"
EndProject
Project("{2150E333-8FDC-42A3-9474-1A3956D46DE8}") = "XaPa.Service.Data.Infrastructure", "XaPa.Service.Data.Infrastructure", "{45B53AF5-4865-4ED6-B74A-C2632334C7EF}"
EndProject
Project("{FAE04EC0-301F-11D3-BF4B-00C04F79EFBC}") = "XaPa.Service.Data.Infrastructure.DataContext", "XaPa.Service.Data.Infrastructure.DataContext\XaPa.Service.Data.Infrastructure.DataContext.csproj", "{2CD2AC5F-3AD3-4A94-9619-99DCFCB3C717}"
EndProject
Project("{2150E333-8FDC-42A3-9474-1A3956D46DE8}") = "XaPa.Service.Model", "XaPa.Service.Model", "{060225F0-8579-4108-9211-8C0BFD4C727D}"
EndProject
Project("{FAE04EC0-301F-11D3-BF4B-00C04F79EFBC}") = "XaPa.Service.Model.Entity", "XaPa.Service.Model.Entity\XaPa.Service.Model.Entity.csproj", "{03FE0AC3-D583-4B58-97A2-EA2A18CBFA84}"
EndProject
Project("{FAE04EC0-301F-11D3-BF4B-00C04F79EFBC}") = "XaPa.Service.Data.Repository.RepositoryBase", "XaPa.Service.Data.Repository.RepositoryBase\XaPa.Service.Data.Repository.RepositoryBase.csproj", "{EBBC9D2F-0F50-48AA-BA02-6F7725EB2F04}"
EndProject
Project("{2150E333-8FDC-42A3-9474-1A3956D46DE8}") = "XaPa.Service.Data.UnitOfWork", "XaPa.Service.Data.UnitOfWork", "{33CBFC5A-6141-4465-B8AF-CDC2B410A222}"
EndProject
Project("{FAE04EC0-301F-11D3-BF4B-00C04F79EFBC}") = "XaPa.Service.Data.UnitOfWork.Infrastructure", "XaPa.Service.Data.UnitOfWork.Infrastructure\XaPa.Service.Data.UnitOfWork.Infrastructure.csproj", "{9744081C-D39E-4E90-9B3D-EF7FB1313ED8}"
EndProject
Project("{FAE04EC0-301F-11D3-BF4B-00C04F79EFBC}") = "XaPa.Service.Data.UnitOfWork.XaPa", "XaPa.Service.Data.UnitOfWork.XaPa\XaPa.Service.Data.UnitOfWork.XaPa.csproj", "{58F9ABD8-312A-450B-AB32-8FF811263466}"
EndProject
Project("{2150E333-8FDC-42A3-9474-1A3956D46DE8}") = "XaPa.Service.Manager", "XaPa.Service.Manager", "{DA4AC201-36C9-4714-BCFE-0BADCF872234}"
EndProject
Project("{2150E333-8FDC-42A3-9474-1A3956D46DE8}") = "XaPa.Service.Manager.Business", "XaPa.Service.Manager.Business", "{BC619DA0-B8E6-422C-AA72-D3BA7BB8124D}"
EndProject
Project("{FAE04EC0-301F-11D3-BF4B-00C04F79EFBC}") = "XaPa.Service.Manager.Business.XaPaOperations", "XaPa.Service.Manager.Business.XaPaOperations\XaPa.Service.Manager.Business.XaPaOperations.csproj", "{BE50B345-495F-4326-82B7-51FB0AF53AF4}"
EndProject
Project("{2150E333-8FDC-42A3-9474-1A3956D46DE8}") = "XaPa.Service.Mapper", "XaPa.Service.Mapper", "{34FCF5CC-64D6-4665-AEBB-4A4C897592CE}"
EndProject
Project("{FAE04EC0-301F-11D3-BF4B-00C04F79EFBC}") = "XaPa.Service.Mapper.Manager", "XaPa.Service.Mapper.Manager\XaPa.Service.Mapper.Manager.csproj", "{EFC13F0B-5741-4065-88F1-F0BE0C359F09}"
EndProject
Project("{FAE04EC0-301F-11D3-BF4B-00C04F79EFBC}") = "XaPa.Service.Model.WebModel", "XaPa.Service.Model.WebModel\XaPa.Service.Model.WebModel.csproj", "{44B12C82-CA8B-43FB-B29A-61622E9AF75D}"
EndProject
Project("{FAE04EC0-301F-11D3-BF4B-00C04F79EFBC}") = "XaPa.Service.Manager.BusinessManager", "XaPa.Service.Manager.BusinessManager\XaPa.Service.Manager.BusinessManager.csproj", "{E505D9C1-834D-48DA-B1F4-23BBC87B1CC5}"
EndProject
Project("{2150E333-8FDC-42A3-9474-1A3956D46DE8}") = "XaPa.Service.Project", "XaPa.Service.Project", "{90774FB0-255D-4790-A625-5FBCA0820F16}"
EndProject
Project("{FAE04EC0-301F-11D3-BF4B-00C04F79EFBC}") = "XaPa.Service.Project.API", "XaPa.Service.Project.API\XaPa.Service.Project.API.csproj", "{699D7419-EBFA-4806-B4A6-1D517D8E5A8D}"
EndProject
Project("{2150E333-8FDC-42A3-9474-1A3956D46DE8}") = "XaPa.Service.Helper", "XaPa.Service.Helper", "{81635720-3EED-42EC-A8B5-E59387749476}"
EndProject
Project("{FAE04EC0-301F-11D3-BF4B-00C04F79EFBC}") = "XaPa.Service.Helper", "XaPa.Service.Helper\XaPa.Service.Helper.csproj", "{3B828AB9-6716-43E8-B0F0-8142414837FD}"
EndProject
Global
	GlobalSection(SolutionConfigurationPlatforms) = preSolution
		Debug|Any CPU = Debug|Any CPU
		Release|Any CPU = Release|Any CPU
	EndGlobalSection
	GlobalSection(ProjectConfigurationPlatforms) = postSolution
		{D1313275-1146-4E79-987F-8431FA7EBA6C}.Debug|Any CPU.ActiveCfg = Debug|Any CPU
		{D1313275-1146-4E79-987F-8431FA7EBA6C}.Debug|Any CPU.Build.0 = Debug|Any CPU
		{D1313275-1146-4E79-987F-8431FA7EBA6C}.Release|Any CPU.ActiveCfg = Release|Any CPU
		{D1313275-1146-4E79-987F-8431FA7EBA6C}.Release|Any CPU.Build.0 = Release|Any CPU
		{00111860-6793-4A92-A0BA-869C5BC54640}.Debug|Any CPU.ActiveCfg = Debug|Any CPU
		{00111860-6793-4A92-A0BA-869C5BC54640}.Debug|Any CPU.Build.0 = Debug|Any CPU
		{00111860-6793-4A92-A0BA-869C5BC54640}.Release|Any CPU.ActiveCfg = Release|Any CPU
		{00111860-6793-4A92-A0BA-869C5BC54640}.Release|Any CPU.Build.0 = Release|Any CPU
		{2CD2AC5F-3AD3-4A94-9619-99DCFCB3C717}.Debug|Any CPU.ActiveCfg = Debug|Any CPU
		{2CD2AC5F-3AD3-4A94-9619-99DCFCB3C717}.Debug|Any CPU.Build.0 = Debug|Any CPU
		{2CD2AC5F-3AD3-4A94-9619-99DCFCB3C717}.Release|Any CPU.ActiveCfg = Release|Any CPU
		{2CD2AC5F-3AD3-4A94-9619-99DCFCB3C717}.Release|Any CPU.Build.0 = Release|Any CPU
		{03FE0AC3-D583-4B58-97A2-EA2A18CBFA84}.Debug|Any CPU.ActiveCfg = Debug|Any CPU
		{03FE0AC3-D583-4B58-97A2-EA2A18CBFA84}.Debug|Any CPU.Build.0 = Debug|Any CPU
		{03FE0AC3-D583-4B58-97A2-EA2A18CBFA84}.Release|Any CPU.ActiveCfg = Release|Any CPU
		{03FE0AC3-D583-4B58-97A2-EA2A18CBFA84}.Release|Any CPU.Build.0 = Release|Any CPU
		{EBBC9D2F-0F50-48AA-BA02-6F7725EB2F04}.Debug|Any CPU.ActiveCfg = Debug|Any CPU
		{EBBC9D2F-0F50-48AA-BA02-6F7725EB2F04}.Debug|Any CPU.Build.0 = Debug|Any CPU
		{EBBC9D2F-0F50-48AA-BA02-6F7725EB2F04}.Release|Any CPU.ActiveCfg = Release|Any CPU
		{EBBC9D2F-0F50-48AA-BA02-6F7725EB2F04}.Release|Any CPU.Build.0 = Release|Any CPU
		{9744081C-D39E-4E90-9B3D-EF7FB1313ED8}.Debug|Any CPU.ActiveCfg = Debug|Any CPU
		{9744081C-D39E-4E90-9B3D-EF7FB1313ED8}.Debug|Any CPU.Build.0 = Debug|Any CPU
		{9744081C-D39E-4E90-9B3D-EF7FB1313ED8}.Release|Any CPU.ActiveCfg = Release|Any CPU
		{9744081C-D39E-4E90-9B3D-EF7FB1313ED8}.Release|Any CPU.Build.0 = Release|Any CPU
		{58F9ABD8-312A-450B-AB32-8FF811263466}.Debug|Any CPU.ActiveCfg = Debug|Any CPU
		{58F9ABD8-312A-450B-AB32-8FF811263466}.Debug|Any CPU.Build.0 = Debug|Any CPU
		{58F9ABD8-312A-450B-AB32-8FF811263466}.Release|Any CPU.ActiveCfg = Release|Any CPU
		{58F9ABD8-312A-450B-AB32-8FF811263466}.Release|Any CPU.Build.0 = Release|Any CPU
		{BE50B345-495F-4326-82B7-51FB0AF53AF4}.Debug|Any CPU.ActiveCfg = Debug|Any CPU
		{BE50B345-495F-4326-82B7-51FB0AF53AF4}.Debug|Any CPU.Build.0 = Debug|Any CPU
		{BE50B345-495F-4326-82B7-51FB0AF53AF4}.Release|Any CPU.ActiveCfg = Release|Any CPU
		{BE50B345-495F-4326-82B7-51FB0AF53AF4}.Release|Any CPU.Build.0 = Release|Any CPU
		{EFC13F0B-5741-4065-88F1-F0BE0C359F09}.Debug|Any CPU.ActiveCfg = Debug|Any CPU
		{EFC13F0B-5741-4065-88F1-F0BE0C359F09}.Debug|Any CPU.Build.0 = Debug|Any CPU
		{EFC13F0B-5741-4065-88F1-F0BE0C359F09}.Release|Any CPU.ActiveCfg = Release|Any CPU
		{EFC13F0B-5741-4065-88F1-F0BE0C359F09}.Release|Any CPU.Build.0 = Release|Any CPU
		{44B12C82-CA8B-43FB-B29A-61622E9AF75D}.Debug|Any CPU.ActiveCfg = Debug|Any CPU
		{44B12C82-CA8B-43FB-B29A-61622E9AF75D}.Debug|Any CPU.Build.0 = Debug|Any CPU
		{44B12C82-CA8B-43FB-B29A-61622E9AF75D}.Release|Any CPU.ActiveCfg = Release|Any CPU
		{44B12C82-CA8B-43FB-B29A-61622E9AF75D}.Release|Any CPU.Build.0 = Release|Any CPU
		{E505D9C1-834D-48DA-B1F4-23BBC87B1CC5}.Debug|Any CPU.ActiveCfg = Debug|Any CPU
		{E505D9C1-834D-48DA-B1F4-23BBC87B1CC5}.Debug|Any CPU.Build.0 = Debug|Any CPU
		{E505D9C1-834D-48DA-B1F4-23BBC87B1CC5}.Release|Any CPU.ActiveCfg = Release|Any CPU
		{E505D9C1-834D-48DA-B1F4-23BBC87B1CC5}.Release|Any CPU.Build.0 = Release|Any CPU
		{699D7419-EBFA-4806-B4A6-1D517D8E5A8D}.Debug|Any CPU.ActiveCfg = Debug|Any CPU
		{699D7419-EBFA-4806-B4A6-1D517D8E5A8D}.Debug|Any CPU.Build.0 = Debug|Any CPU
		{699D7419-EBFA-4806-B4A6-1D517D8E5A8D}.Release|Any CPU.ActiveCfg = Release|Any CPU
		{699D7419-EBFA-4806-B4A6-1D517D8E5A8D}.Release|Any CPU.Build.0 = Release|Any CPU
		{3B828AB9-6716-43E8-B0F0-8142414837FD}.Debug|Any CPU.ActiveCfg = Debug|Any CPU
		{3B828AB9-6716-43E8-B0F0-8142414837FD}.Debug|Any CPU.Build.0 = Debug|Any CPU
		{3B828AB9-6716-43E8-B0F0-8142414837FD}.Release|Any CPU.ActiveCfg = Release|Any CPU
		{3B828AB9-6716-43E8-B0F0-8142414837FD}.Release|Any CPU.Build.0 = Release|Any CPU
	EndGlobalSection
	GlobalSection(SolutionProperties) = preSolution
		HideSolutionNode = FALSE
	EndGlobalSection
	GlobalSection(NestedProjects) = preSolution
		{FC8AB304-BC4A-4EB4-BDAF-9083170D4D5B} = {F65E8ED8-0965-493E-BB78-4E562A3A314F}
		{D1313275-1146-4E79-987F-8431FA7EBA6C} = {FC8AB304-BC4A-4EB4-BDAF-9083170D4D5B}
		{5CB9B09C-803F-4552-A3E2-B679D9C0D1E8} = {C9B73544-5B9B-417B-8484-9526D58284EF}
		{C9D281CF-05AA-42EF-8608-D76E1A5F6D85} = {5CB9B09C-803F-4552-A3E2-B679D9C0D1E8}
		{00111860-6793-4A92-A0BA-869C5BC54640} = {C9D281CF-05AA-42EF-8608-D76E1A5F6D85}
		{45B53AF5-4865-4ED6-B74A-C2632334C7EF} = {5CB9B09C-803F-4552-A3E2-B679D9C0D1E8}
		{2CD2AC5F-3AD3-4A94-9619-99DCFCB3C717} = {45B53AF5-4865-4ED6-B74A-C2632334C7EF}
		{060225F0-8579-4108-9211-8C0BFD4C727D} = {C9B73544-5B9B-417B-8484-9526D58284EF}
		{03FE0AC3-D583-4B58-97A2-EA2A18CBFA84} = {060225F0-8579-4108-9211-8C0BFD4C727D}
		{EBBC9D2F-0F50-48AA-BA02-6F7725EB2F04} = {C9D281CF-05AA-42EF-8608-D76E1A5F6D85}
		{33CBFC5A-6141-4465-B8AF-CDC2B410A222} = {5CB9B09C-803F-4552-A3E2-B679D9C0D1E8}
		{9744081C-D39E-4E90-9B3D-EF7FB1313ED8} = {33CBFC5A-6141-4465-B8AF-CDC2B410A222}
		{58F9ABD8-312A-450B-AB32-8FF811263466} = {33CBFC5A-6141-4465-B8AF-CDC2B410A222}
		{DA4AC201-36C9-4714-BCFE-0BADCF872234} = {C9B73544-5B9B-417B-8484-9526D58284EF}
		{BC619DA0-B8E6-422C-AA72-D3BA7BB8124D} = {DA4AC201-36C9-4714-BCFE-0BADCF872234}
		{BE50B345-495F-4326-82B7-51FB0AF53AF4} = {BC619DA0-B8E6-422C-AA72-D3BA7BB8124D}
		{34FCF5CC-64D6-4665-AEBB-4A4C897592CE} = {C9B73544-5B9B-417B-8484-9526D58284EF}
		{EFC13F0B-5741-4065-88F1-F0BE0C359F09} = {34FCF5CC-64D6-4665-AEBB-4A4C897592CE}
		{44B12C82-CA8B-43FB-B29A-61622E9AF75D} = {060225F0-8579-4108-9211-8C0BFD4C727D}
		{E505D9C1-834D-48DA-B1F4-23BBC87B1CC5} = {DA4AC201-36C9-4714-BCFE-0BADCF872234}
		{90774FB0-255D-4790-A625-5FBCA0820F16} = {DA4AC201-36C9-4714-BCFE-0BADCF872234}
		{699D7419-EBFA-4806-B4A6-1D517D8E5A8D} = {90774FB0-255D-4790-A625-5FBCA0820F16}
		{81635720-3EED-42EC-A8B5-E59387749476} = {C9B73544-5B9B-417B-8484-9526D58284EF}
		{3B828AB9-6716-43E8-B0F0-8142414837FD} = {81635720-3EED-42EC-A8B5-E59387749476}
	EndGlobalSection
	GlobalSection(ExtensibilityGlobals) = postSolution
		SolutionGuid = {630720D1-D312-4DB5-96FA-FC5B60F03488}
	EndGlobalSection
EndGlobal
